
Microsoft Visual Studio Solution File, Format Version 12.00
# Visual Studio Version 16
VisualStudioVersion = 16.0.32002.261
MinimumVisualStudioVersion = 10.0.40219.1
Project("{FAE04EC0-301F-11D3-BF4B-00C04F79EFBC}") = "RentaBike", "RentaBike\RentaBike.csproj", "{ECCD8D84-7F99-4958-A226-00B3307F29B0}"
EndProject
Global
	GlobalSection(SolutionConfigurationPlatforms) = preSolution
		Debug|Any CPU = Debug|Any CPU
		Release|Any CPU = Release|Any CPU
	EndGlobalSection
	GlobalSection(ProjectConfigurationPlatforms) = postSolution
		{ECCD8D84-7F99-4958-A226-00B3307F29B0}.Debug|Any CPU.ActiveCfg = Debug|Any CPU
		{ECCD8D84-7F99-4958-A226-00B3307F29B0}.Debug|Any CPU.Build.0 = Debug|Any CPU
		{ECCD8D84-7F99-4958-A226-00B3307F29B0}.Release|Any CPU.ActiveCfg = Release|Any CPU
		{ECCD8D84-7F99-4958-A226-00B3307F29B0}.Release|Any CPU.Build.0 = Release|Any CPU
	EndGlobalSection
	GlobalSection(SolutionProperties) = preSolution
		HideSolutionNode = FALSE
	EndGlobalSection
	GlobalSection(ExtensibilityGlobals) = postSolution
		SolutionGuid = {BEDBEC84-7DC4-4660-AFEC-3FFF248BEB8C}
	EndGlobalSection
EndGlobal
