
Microsoft Visual Studio Solution File, Format Version 12.00
# Visual Studio Version 16
VisualStudioVersion = 16.0.32002.261
MinimumVisualStudioVersion = 10.0.40219.1
Project("{FAE04EC0-301F-11D3-BF4B-00C04F79EFBC}") = "NesneGenel", "NesneGenel\NesneGenel.csproj", "{60F050D9-DC64-456C-A01F-58DDAA71F811}"
EndProject
Project("{FAE04EC0-301F-11D3-BF4B-00C04F79EFBC}") = "Abstract", "Abstract\Abstract.csproj", "{F7F59438-0ACB-4269-827C-225792F37460}"
EndProject
Project("{FAE04EC0-301F-11D3-BF4B-00C04F79EFBC}") = "Polimorfizm", "Polimorfizm\Polimorfizm.csproj", "{3F4A1260-71BD-40F0-ACEE-F18E455BBB28}"
EndProject
Project("{FAE04EC0-301F-11D3-BF4B-00C04F79EFBC}") = "PolimorfizmOrnek", "PolimorfizmOrnek\PolimorfizmOrnek.csproj", "{A9FF8258-0478-49EB-B3D6-49B2285929A4}"
EndProject
Project("{FAE04EC0-301F-11D3-BF4B-00C04F79EFBC}") = "ArrayList", "ArrayList\ArrayList.csproj", "{7B232C5A-A721-48E8-A923-FFCD8D90C4CF}"
EndProject
Project("{FAE04EC0-301F-11D3-BF4B-00C04F79EFBC}") = "InterfaceOrnekler", "InterfaceOrnekler\InterfaceOrnekler.csproj", "{D701C987-0686-409A-8A6C-8C8EFF981A7D}"
EndProject
Project("{FAE04EC0-301F-11D3-BF4B-00C04F79EFBC}") = "EnumOrnek", "EnumOrnek\EnumOrnek.csproj", "{B899BF17-AE64-4AF9-A2F5-4DB5CA791D59}"
EndProject
Project("{FAE04EC0-301F-11D3-BF4B-00C04F79EFBC}") = "InterfaceV2", "InterfaceV2\InterfaceV2.csproj", "{0480C6A5-EE30-4725-A69A-4989FF4EA15F}"
EndProject
Project("{FAE04EC0-301F-11D3-BF4B-00C04F79EFBC}") = "AracBoyamaSistemi", "InterfaceV3\AracBoyamaSistemi.csproj", "{C634A1FD-F32E-424E-8380-29384BE243DD}"
EndProject
Project("{FAE04EC0-301F-11D3-BF4B-00C04F79EFBC}") = "InterfaceV4", "InterfaceV4\InterfaceV4.csproj", "{607D42A0-AA1F-4695-B1EB-6F9507EFB2BA}"
EndProject
Project("{FAE04EC0-301F-11D3-BF4B-00C04F79EFBC}") = "Generic", "Generic\Generic.csproj", "{B24D85C5-1806-4028-B16D-AD0AA316BFCE}"
EndProject
Project("{FAE04EC0-301F-11D3-BF4B-00C04F79EFBC}") = "ArrayGenericFark", "ArrayGenericFark\ArrayGenericFark.csproj", "{0FD28F0F-B802-4490-91E9-1BD4B5546079}"
EndProject
Project("{FAE04EC0-301F-11D3-BF4B-00C04F79EFBC}") = "GenericTypeSecurity", "GenericTypeSecurity\GenericTypeSecurity.csproj", "{28225BAF-930D-4F2D-8B99-CEA488A8AEBB}"
EndProject
Project("{FAE04EC0-301F-11D3-BF4B-00C04F79EFBC}") = "Generic Constraints", "Generic Constraints\Generic Constraints.csproj", "{B5482C04-54D9-45CE-9C26-4C439B6BDD0D}"
EndProject
Project("{FAE04EC0-301F-11D3-BF4B-00C04F79EFBC}") = "GenelTekrarProjesi", "GenelTekrarProjesi\GenelTekrarProjesi.csproj", "{EFDC6EC0-421A-45A3-9D5A-21745B4CF1AB}"
EndProject
Project("{FAE04EC0-301F-11D3-BF4B-00C04F79EFBC}") = "Delegate", "Delegate\Delegate.csproj", "{CC287266-29C4-41B6-8230-A92F2FEC06FE}"
EndProject
Global
	GlobalSection(SolutionConfigurationPlatforms) = preSolution
		Debug|Any CPU = Debug|Any CPU
		Release|Any CPU = Release|Any CPU
	EndGlobalSection
	GlobalSection(ProjectConfigurationPlatforms) = postSolution
		{60F050D9-DC64-456C-A01F-58DDAA71F811}.Debug|Any CPU.ActiveCfg = Debug|Any CPU
		{60F050D9-DC64-456C-A01F-58DDAA71F811}.Debug|Any CPU.Build.0 = Debug|Any CPU
		{60F050D9-DC64-456C-A01F-58DDAA71F811}.Release|Any CPU.ActiveCfg = Release|Any CPU
		{60F050D9-DC64-456C-A01F-58DDAA71F811}.Release|Any CPU.Build.0 = Release|Any CPU
		{F7F59438-0ACB-4269-827C-225792F37460}.Debug|Any CPU.ActiveCfg = Debug|Any CPU
		{F7F59438-0ACB-4269-827C-225792F37460}.Debug|Any CPU.Build.0 = Debug|Any CPU
		{F7F59438-0ACB-4269-827C-225792F37460}.Release|Any CPU.ActiveCfg = Release|Any CPU
		{F7F59438-0ACB-4269-827C-225792F37460}.Release|Any CPU.Build.0 = Release|Any CPU
		{3F4A1260-71BD-40F0-ACEE-F18E455BBB28}.Debug|Any CPU.ActiveCfg = Debug|Any CPU
		{3F4A1260-71BD-40F0-ACEE-F18E455BBB28}.Debug|Any CPU.Build.0 = Debug|Any CPU
		{3F4A1260-71BD-40F0-ACEE-F18E455BBB28}.Release|Any CPU.ActiveCfg = Release|Any CPU
		{3F4A1260-71BD-40F0-ACEE-F18E455BBB28}.Release|Any CPU.Build.0 = Release|Any CPU
		{A9FF8258-0478-49EB-B3D6-49B2285929A4}.Debug|Any CPU.ActiveCfg = Debug|Any CPU
		{A9FF8258-0478-49EB-B3D6-49B2285929A4}.Debug|Any CPU.Build.0 = Debug|Any CPU
		{A9FF8258-0478-49EB-B3D6-49B2285929A4}.Release|Any CPU.ActiveCfg = Release|Any CPU
		{A9FF8258-0478-49EB-B3D6-49B2285929A4}.Release|Any CPU.Build.0 = Release|Any CPU
		{7B232C5A-A721-48E8-A923-FFCD8D90C4CF}.Debug|Any CPU.ActiveCfg = Debug|Any CPU
		{7B232C5A-A721-48E8-A923-FFCD8D90C4CF}.Debug|Any CPU.Build.0 = Debug|Any CPU
		{7B232C5A-A721-48E8-A923-FFCD8D90C4CF}.Release|Any CPU.ActiveCfg = Release|Any CPU
		{7B232C5A-A721-48E8-A923-FFCD8D90C4CF}.Release|Any CPU.Build.0 = Release|Any CPU
		{D701C987-0686-409A-8A6C-8C8EFF981A7D}.Debug|Any CPU.ActiveCfg = Debug|Any CPU
		{D701C987-0686-409A-8A6C-8C8EFF981A7D}.Debug|Any CPU.Build.0 = Debug|Any CPU
		{D701C987-0686-409A-8A6C-8C8EFF981A7D}.Release|Any CPU.ActiveCfg = Release|Any CPU
		{D701C987-0686-409A-8A6C-8C8EFF981A7D}.Release|Any CPU.Build.0 = Release|Any CPU
		{B899BF17-AE64-4AF9-A2F5-4DB5CA791D59}.Debug|Any CPU.ActiveCfg = Debug|Any CPU
		{B899BF17-AE64-4AF9-A2F5-4DB5CA791D59}.Debug|Any CPU.Build.0 = Debug|Any CPU
		{B899BF17-AE64-4AF9-A2F5-4DB5CA791D59}.Release|Any CPU.ActiveCfg = Release|Any CPU
		{B899BF17-AE64-4AF9-A2F5-4DB5CA791D59}.Release|Any CPU.Build.0 = Release|Any CPU
		{0480C6A5-EE30-4725-A69A-4989FF4EA15F}.Debug|Any CPU.ActiveCfg = Debug|Any CPU
		{0480C6A5-EE30-4725-A69A-4989FF4EA15F}.Debug|Any CPU.Build.0 = Debug|Any CPU
		{0480C6A5-EE30-4725-A69A-4989FF4EA15F}.Release|Any CPU.ActiveCfg = Release|Any CPU
		{0480C6A5-EE30-4725-A69A-4989FF4EA15F}.Release|Any CPU.Build.0 = Release|Any CPU
		{C634A1FD-F32E-424E-8380-29384BE243DD}.Debug|Any CPU.ActiveCfg = Debug|Any CPU
		{C634A1FD-F32E-424E-8380-29384BE243DD}.Debug|Any CPU.Build.0 = Debug|Any CPU
		{C634A1FD-F32E-424E-8380-29384BE243DD}.Release|Any CPU.ActiveCfg = Release|Any CPU
		{C634A1FD-F32E-424E-8380-29384BE243DD}.Release|Any CPU.Build.0 = Release|Any CPU
		{607D42A0-AA1F-4695-B1EB-6F9507EFB2BA}.Debug|Any CPU.ActiveCfg = Debug|Any CPU
		{607D42A0-AA1F-4695-B1EB-6F9507EFB2BA}.Debug|Any CPU.Build.0 = Debug|Any CPU
		{607D42A0-AA1F-4695-B1EB-6F9507EFB2BA}.Release|Any CPU.ActiveCfg = Release|Any CPU
		{607D42A0-AA1F-4695-B1EB-6F9507EFB2BA}.Release|Any CPU.Build.0 = Release|Any CPU
		{B24D85C5-1806-4028-B16D-AD0AA316BFCE}.Debug|Any CPU.ActiveCfg = Debug|Any CPU
		{B24D85C5-1806-4028-B16D-AD0AA316BFCE}.Debug|Any CPU.Build.0 = Debug|Any CPU
		{B24D85C5-1806-4028-B16D-AD0AA316BFCE}.Release|Any CPU.ActiveCfg = Release|Any CPU
		{B24D85C5-1806-4028-B16D-AD0AA316BFCE}.Release|Any CPU.Build.0 = Release|Any CPU
		{0FD28F0F-B802-4490-91E9-1BD4B5546079}.Debug|Any CPU.ActiveCfg = Debug|Any CPU
		{0FD28F0F-B802-4490-91E9-1BD4B5546079}.Debug|Any CPU.Build.0 = Debug|Any CPU
		{0FD28F0F-B802-4490-91E9-1BD4B5546079}.Release|Any CPU.ActiveCfg = Release|Any CPU
		{0FD28F0F-B802-4490-91E9-1BD4B5546079}.Release|Any CPU.Build.0 = Release|Any CPU
		{28225BAF-930D-4F2D-8B99-CEA488A8AEBB}.Debug|Any CPU.ActiveCfg = Debug|Any CPU
		{28225BAF-930D-4F2D-8B99-CEA488A8AEBB}.Debug|Any CPU.Build.0 = Debug|Any CPU
		{28225BAF-930D-4F2D-8B99-CEA488A8AEBB}.Release|Any CPU.ActiveCfg = Release|Any CPU
		{28225BAF-930D-4F2D-8B99-CEA488A8AEBB}.Release|Any CPU.Build.0 = Release|Any CPU
		{B5482C04-54D9-45CE-9C26-4C439B6BDD0D}.Debug|Any CPU.ActiveCfg = Debug|Any CPU
		{B5482C04-54D9-45CE-9C26-4C439B6BDD0D}.Debug|Any CPU.Build.0 = Debug|Any CPU
		{B5482C04-54D9-45CE-9C26-4C439B6BDD0D}.Release|Any CPU.ActiveCfg = Release|Any CPU
		{B5482C04-54D9-45CE-9C26-4C439B6BDD0D}.Release|Any CPU.Build.0 = Release|Any CPU
		{EFDC6EC0-421A-45A3-9D5A-21745B4CF1AB}.Debug|Any CPU.ActiveCfg = Debug|Any CPU
		{EFDC6EC0-421A-45A3-9D5A-21745B4CF1AB}.Debug|Any CPU.Build.0 = Debug|Any CPU
		{EFDC6EC0-421A-45A3-9D5A-21745B4CF1AB}.Release|Any CPU.ActiveCfg = Release|Any CPU
		{EFDC6EC0-421A-45A3-9D5A-21745B4CF1AB}.Release|Any CPU.Build.0 = Release|Any CPU
		{CC287266-29C4-41B6-8230-A92F2FEC06FE}.Debug|Any CPU.ActiveCfg = Debug|Any CPU
		{CC287266-29C4-41B6-8230-A92F2FEC06FE}.Debug|Any CPU.Build.0 = Debug|Any CPU
		{CC287266-29C4-41B6-8230-A92F2FEC06FE}.Release|Any CPU.ActiveCfg = Release|Any CPU
		{CC287266-29C4-41B6-8230-A92F2FEC06FE}.Release|Any CPU.Build.0 = Release|Any CPU
	EndGlobalSection
	GlobalSection(SolutionProperties) = preSolution
		HideSolutionNode = FALSE
	EndGlobalSection
	GlobalSection(ExtensibilityGlobals) = postSolution
		SolutionGuid = {1C1894FF-EE62-47BB-9E5B-F7C125C04205}
	EndGlobalSection
EndGlobal
