
Microsoft Visual Studio Solution File, Format Version 12.00
# Visual Studio Version 16
VisualStudioVersion = 16.0.32002.261
MinimumVisualStudioVersion = 10.0.40219.1
Project("{FAE04EC0-301F-11D3-BF4B-00C04F79EFBC}") = "V2", "V2\V2.csproj", "{81D53A90-9FCA-4228-9FBD-3C41D7DB69C5}"
EndProject
Global
	GlobalSection(SolutionConfigurationPlatforms) = preSolution
		Debug|Any CPU = Debug|Any CPU
		Release|Any CPU = Release|Any CPU
	EndGlobalSection
	GlobalSection(ProjectConfigurationPlatforms) = postSolution
		{81D53A90-9FCA-4228-9FBD-3C41D7DB69C5}.Debug|Any CPU.ActiveCfg = Debug|Any CPU
		{81D53A90-9FCA-4228-9FBD-3C41D7DB69C5}.Debug|Any CPU.Build.0 = Debug|Any CPU
		{81D53A90-9FCA-4228-9FBD-3C41D7DB69C5}.Release|Any CPU.ActiveCfg = Release|Any CPU
		{81D53A90-9FCA-4228-9FBD-3C41D7DB69C5}.Release|Any CPU.Build.0 = Release|Any CPU
	EndGlobalSection
	GlobalSection(SolutionProperties) = preSolution
		HideSolutionNode = FALSE
	EndGlobalSection
	GlobalSection(ExtensibilityGlobals) = postSolution
		SolutionGuid = {8DF4A881-4778-4168-BAF7-DDE384303485}
	EndGlobalSection
EndGlobal
