
Microsoft Visual Studio Solution File, Format Version 12.00
# Visual Studio Version 16
VisualStudioVersion = 16.0.32002.261
MinimumVisualStudioVersion = 10.0.40219.1
Project("{FAE04EC0-301F-11D3-BF4B-00C04F79EFBC}") = "V3.Project", "V3.Project\V3.Project.csproj", "{B3D7D330-9815-4499-BEEE-12A0DE46B322}"
EndProject
Global
	GlobalSection(SolutionConfigurationPlatforms) = preSolution
		Debug|Any CPU = Debug|Any CPU
		Release|Any CPU = Release|Any CPU
	EndGlobalSection
	GlobalSection(ProjectConfigurationPlatforms) = postSolution
		{B3D7D330-9815-4499-BEEE-12A0DE46B322}.Debug|Any CPU.ActiveCfg = Debug|Any CPU
		{B3D7D330-9815-4499-BEEE-12A0DE46B322}.Debug|Any CPU.Build.0 = Debug|Any CPU
		{B3D7D330-9815-4499-BEEE-12A0DE46B322}.Release|Any CPU.ActiveCfg = Release|Any CPU
		{B3D7D330-9815-4499-BEEE-12A0DE46B322}.Release|Any CPU.Build.0 = Release|Any CPU
	EndGlobalSection
	GlobalSection(SolutionProperties) = preSolution
		HideSolutionNode = FALSE
	EndGlobalSection
	GlobalSection(ExtensibilityGlobals) = postSolution
		SolutionGuid = {0833C304-9F81-4623-8864-AD4FED331988}
	EndGlobalSection
EndGlobal
