
Microsoft Visual Studio Solution File, Format Version 12.00
# Visual Studio Version 16
VisualStudioVersion = 16.0.32002.261
MinimumVisualStudioVersion = 10.0.40219.1
Project("{FAE04EC0-301F-11D3-BF4B-00C04F79EFBC}") = "SahibindenDemo", "SahibindenDemo\SahibindenDemo.csproj", "{5AEEC50B-5CB9-4648-9152-5966974F0A9C}"
EndProject
Global
	GlobalSection(SolutionConfigurationPlatforms) = preSolution
		Debug|Any CPU = Debug|Any CPU
		Release|Any CPU = Release|Any CPU
	EndGlobalSection
	GlobalSection(ProjectConfigurationPlatforms) = postSolution
		{5AEEC50B-5CB9-4648-9152-5966974F0A9C}.Debug|Any CPU.ActiveCfg = Debug|Any CPU
		{5AEEC50B-5CB9-4648-9152-5966974F0A9C}.Debug|Any CPU.Build.0 = Debug|Any CPU
		{5AEEC50B-5CB9-4648-9152-5966974F0A9C}.Release|Any CPU.ActiveCfg = Release|Any CPU
		{5AEEC50B-5CB9-4648-9152-5966974F0A9C}.Release|Any CPU.Build.0 = Release|Any CPU
	EndGlobalSection
	GlobalSection(SolutionProperties) = preSolution
		HideSolutionNode = FALSE
	EndGlobalSection
	GlobalSection(ExtensibilityGlobals) = postSolution
		SolutionGuid = {B11A6C94-97B7-4763-8A56-C6207C767878}
	EndGlobalSection
EndGlobal
